// !$*UTF8*$!
{
	archiveVersion = 1;
	classes = {
	};
	objectVersion = 56;
	objects = {

/* Begin PBXBuildFile section */
		DB1F0C9D2C07238500ADF386 /* MainCoordinator.swift in Sources */ = {isa = PBXBuildFile; fileRef = DB1F0C9C2C07238500ADF386 /* MainCoordinator.swift */; };
		DB1F0C9F2C07242E00ADF386 /* UsersViewCoordinator.swift in Sources */ = {isa = PBXBuildFile; fileRef = DB1F0C9E2C07242E00ADF386 /* UsersViewCoordinator.swift */; };
		DB1F0CA12C0724B300ADF386 /* RepositoriesViewCoordinator.swift in Sources */ = {isa = PBXBuildFile; fileRef = DB1F0CA02C0724B300ADF386 /* RepositoriesViewCoordinator.swift */; };
		DB1F0CA32C072BCB00ADF386 /* ForksViewCoordinator.swift in Sources */ = {isa = PBXBuildFile; fileRef = DB1F0CA22C072BCB00ADF386 /* ForksViewCoordinator.swift */; };
		DB1F0CA52C08154B00ADF386 /* ForkCellViewModel.swift in Sources */ = {isa = PBXBuildFile; fileRef = DB1F0CA42C08154B00ADF386 /* ForkCellViewModel.swift */; };
		DB1F0CA72C0818ED00ADF386 /* Owner.swift in Sources */ = {isa = PBXBuildFile; fileRef = DB1F0CA62C0818ED00ADF386 /* Owner.swift */; };
		DBCBA23C2C04519200E31EEB /* AppDelegate.swift in Sources */ = {isa = PBXBuildFile; fileRef = DBCBA23B2C04519200E31EEB /* AppDelegate.swift */; };
		DBCBA23E2C04519200E31EEB /* SceneDelegate.swift in Sources */ = {isa = PBXBuildFile; fileRef = DBCBA23D2C04519200E31EEB /* SceneDelegate.swift */; };
		DBCBA2402C04519200E31EEB /* UsersViewController.swift in Sources */ = {isa = PBXBuildFile; fileRef = DBCBA23F2C04519200E31EEB /* UsersViewController.swift */; };
		DBCBA2432C04519200E31EEB /* Base in Resources */ = {isa = PBXBuildFile; fileRef = DBCBA2422C04519200E31EEB /* Base */; };
		DBCBA2452C04519200E31EEB /* Assets.xcassets in Resources */ = {isa = PBXBuildFile; fileRef = DBCBA2442C04519200E31EEB /* Assets.xcassets */; };
		DBCBA2482C04519200E31EEB /* Base in Resources */ = {isa = PBXBuildFile; fileRef = DBCBA2472C04519200E31EEB /* Base */; };
		DBCBA2532C04519200E31EEB /* GitHubCloneTests.swift in Sources */ = {isa = PBXBuildFile; fileRef = DBCBA2522C04519200E31EEB /* GitHubCloneTests.swift */; };
		DBCBA25D2C04519300E31EEB /* GitHubCloneUITests.swift in Sources */ = {isa = PBXBuildFile; fileRef = DBCBA25C2C04519300E31EEB /* GitHubCloneUITests.swift */; };
		DBCBA25F2C04519300E31EEB /* GitHubCloneUITestsLaunchTests.swift in Sources */ = {isa = PBXBuildFile; fileRef = DBCBA25E2C04519300E31EEB /* GitHubCloneUITestsLaunchTests.swift */; };
		DBCBA26C2C0453D100E31EEB /* UserCell.swift in Sources */ = {isa = PBXBuildFile; fileRef = DBCBA26B2C0453D100E31EEB /* UserCell.swift */; };
		DBCBA2702C04544500E31EEB /* UsersViewModel.swift in Sources */ = {isa = PBXBuildFile; fileRef = DBCBA26F2C04544500E31EEB /* UsersViewModel.swift */; };
		DBCBA2752C04729600E31EEB /* CellsIdentifier.swift in Sources */ = {isa = PBXBuildFile; fileRef = DBCBA2742C04729600E31EEB /* CellsIdentifier.swift */; };
		DBCBA2782C04741E00E31EEB /* UserData.swift in Sources */ = {isa = PBXBuildFile; fileRef = DBCBA2772C04741E00E31EEB /* UserData.swift */; };
		DBCBA27A2C04750B00E31EEB /* User.swift in Sources */ = {isa = PBXBuildFile; fileRef = DBCBA2792C04750B00E31EEB /* User.swift */; };
		DBCBA27D2C04762F00E31EEB /* NetworkManager.swift in Sources */ = {isa = PBXBuildFile; fileRef = DBCBA27C2C04762F00E31EEB /* NetworkManager.swift */; };
		DBCBA27F2C0488BB00E31EEB /* AppURLs.swift in Sources */ = {isa = PBXBuildFile; fileRef = DBCBA27E2C0488BB00E31EEB /* AppURLs.swift */; };
		DBCBA2882C05949100E31EEB /* ImageDownloader.swift in Sources */ = {isa = PBXBuildFile; fileRef = DBCBA2872C05949100E31EEB /* ImageDownloader.swift */; };
		DBCBA28A2C05992200E31EEB /* UserCellViewModel.swift in Sources */ = {isa = PBXBuildFile; fileRef = DBCBA2892C05992200E31EEB /* UserCellViewModel.swift */; };
		DBCBA28C2C05C93F00E31EEB /* RepositoriesViewController.swift in Sources */ = {isa = PBXBuildFile; fileRef = DBCBA28B2C05C93F00E31EEB /* RepositoriesViewController.swift */; };
		DBCBA28E2C05CE4000E31EEB /* StoryboardIdentifier.swift in Sources */ = {isa = PBXBuildFile; fileRef = DBCBA28D2C05CE4000E31EEB /* StoryboardIdentifier.swift */; };
		DBCBA2902C05D05300E31EEB /* RepositoriesViewModel.swift in Sources */ = {isa = PBXBuildFile; fileRef = DBCBA28F2C05D05300E31EEB /* RepositoriesViewModel.swift */; };
		DBCBA2922C05D0FB00E31EEB /* Repository.swift in Sources */ = {isa = PBXBuildFile; fileRef = DBCBA2912C05D0FB00E31EEB /* Repository.swift */; };
		DBCBA2952C05D54E00E31EEB /* RepositoryCell.swift in Sources */ = {isa = PBXBuildFile; fileRef = DBCBA2942C05D54E00E31EEB /* RepositoryCell.swift */; };
		DBCBA2972C060C3200E31EEB /* ForksViewController.swift in Sources */ = {isa = PBXBuildFile; fileRef = DBCBA2962C060C3200E31EEB /* ForksViewController.swift */; };
		DBCBA29A2C060EF700E31EEB /* ForkCell.swift in Sources */ = {isa = PBXBuildFile; fileRef = DBCBA2992C060EF700E31EEB /* ForkCell.swift */; };
		DBCBA29C2C060FE300E31EEB /* ForksViewModel.swift in Sources */ = {isa = PBXBuildFile; fileRef = DBCBA29B2C060FE300E31EEB /* ForksViewModel.swift */; };
		DBCBA29E2C06102200E31EEB /* Fork.swift in Sources */ = {isa = PBXBuildFile; fileRef = DBCBA29D2C06102200E31EEB /* Fork.swift */; };
/* End PBXBuildFile section */

/* Begin PBXContainerItemProxy section */
		DBCBA24F2C04519200E31EEB /* PBXContainerItemProxy */ = {
			isa = PBXContainerItemProxy;
			containerPortal = DBCBA2302C04519200E31EEB /* Project object */;
			proxyType = 1;
			remoteGlobalIDString = DBCBA2372C04519200E31EEB;
			remoteInfo = GitHubClone;
		};
		DBCBA2592C04519300E31EEB /* PBXContainerItemProxy */ = {
			isa = PBXContainerItemProxy;
			containerPortal = DBCBA2302C04519200E31EEB /* Project object */;
			proxyType = 1;
			remoteGlobalIDString = DBCBA2372C04519200E31EEB;
			remoteInfo = GitHubClone;
		};
/* End PBXContainerItemProxy section */

/* Begin PBXFileReference section */
		DB1F0C9C2C07238500ADF386 /* MainCoordinator.swift */ = {isa = PBXFileReference; lastKnownFileType = sourcecode.swift; path = MainCoordinator.swift; sourceTree = "<group>"; };
		DB1F0C9E2C07242E00ADF386 /* UsersViewCoordinator.swift */ = {isa = PBXFileReference; lastKnownFileType = sourcecode.swift; path = UsersViewCoordinator.swift; sourceTree = "<group>"; };
		DB1F0CA02C0724B300ADF386 /* RepositoriesViewCoordinator.swift */ = {isa = PBXFileReference; lastKnownFileType = sourcecode.swift; path = RepositoriesViewCoordinator.swift; sourceTree = "<group>"; };
		DB1F0CA22C072BCB00ADF386 /* ForksViewCoordinator.swift */ = {isa = PBXFileReference; lastKnownFileType = sourcecode.swift; path = ForksViewCoordinator.swift; sourceTree = "<group>"; };
		DB1F0CA42C08154B00ADF386 /* ForkCellViewModel.swift */ = {isa = PBXFileReference; lastKnownFileType = sourcecode.swift; path = ForkCellViewModel.swift; sourceTree = "<group>"; };
		DB1F0CA62C0818ED00ADF386 /* Owner.swift */ = {isa = PBXFileReference; lastKnownFileType = sourcecode.swift; path = Owner.swift; sourceTree = "<group>"; };
		DBCBA2382C04519200E31EEB /* GitHubClone.app */ = {isa = PBXFileReference; explicitFileType = wrapper.application; includeInIndex = 0; path = GitHubClone.app; sourceTree = BUILT_PRODUCTS_DIR; };
		DBCBA23B2C04519200E31EEB /* AppDelegate.swift */ = {isa = PBXFileReference; lastKnownFileType = sourcecode.swift; path = AppDelegate.swift; sourceTree = "<group>"; };
		DBCBA23D2C04519200E31EEB /* SceneDelegate.swift */ = {isa = PBXFileReference; lastKnownFileType = sourcecode.swift; path = SceneDelegate.swift; sourceTree = "<group>"; };
		DBCBA23F2C04519200E31EEB /* UsersViewController.swift */ = {isa = PBXFileReference; lastKnownFileType = sourcecode.swift; path = UsersViewController.swift; sourceTree = "<group>"; };
		DBCBA2422C04519200E31EEB /* Base */ = {isa = PBXFileReference; lastKnownFileType = file.storyboard; name = Base; path = Base.lproj/Main.storyboard; sourceTree = "<group>"; };
		DBCBA2442C04519200E31EEB /* Assets.xcassets */ = {isa = PBXFileReference; lastKnownFileType = folder.assetcatalog; path = Assets.xcassets; sourceTree = "<group>"; };
		DBCBA2472C04519200E31EEB /* Base */ = {isa = PBXFileReference; lastKnownFileType = file.storyboard; name = Base; path = Base.lproj/LaunchScreen.storyboard; sourceTree = "<group>"; };
		DBCBA2492C04519200E31EEB /* Info.plist */ = {isa = PBXFileReference; lastKnownFileType = text.plist.xml; path = Info.plist; sourceTree = "<group>"; };
		DBCBA24E2C04519200E31EEB /* GitHubCloneTests.xctest */ = {isa = PBXFileReference; explicitFileType = wrapper.cfbundle; includeInIndex = 0; path = GitHubCloneTests.xctest; sourceTree = BUILT_PRODUCTS_DIR; };
		DBCBA2522C04519200E31EEB /* GitHubCloneTests.swift */ = {isa = PBXFileReference; lastKnownFileType = sourcecode.swift; path = GitHubCloneTests.swift; sourceTree = "<group>"; };
		DBCBA2582C04519300E31EEB /* GitHubCloneUITests.xctest */ = {isa = PBXFileReference; explicitFileType = wrapper.cfbundle; includeInIndex = 0; path = GitHubCloneUITests.xctest; sourceTree = BUILT_PRODUCTS_DIR; };
		DBCBA25C2C04519300E31EEB /* GitHubCloneUITests.swift */ = {isa = PBXFileReference; lastKnownFileType = sourcecode.swift; path = GitHubCloneUITests.swift; sourceTree = "<group>"; };
		DBCBA25E2C04519300E31EEB /* GitHubCloneUITestsLaunchTests.swift */ = {isa = PBXFileReference; lastKnownFileType = sourcecode.swift; path = GitHubCloneUITestsLaunchTests.swift; sourceTree = "<group>"; };
		DBCBA26B2C0453D100E31EEB /* UserCell.swift */ = {isa = PBXFileReference; lastKnownFileType = sourcecode.swift; path = UserCell.swift; sourceTree = "<group>"; };
		DBCBA26F2C04544500E31EEB /* UsersViewModel.swift */ = {isa = PBXFileReference; lastKnownFileType = sourcecode.swift; path = UsersViewModel.swift; sourceTree = "<group>"; };
		DBCBA2742C04729600E31EEB /* CellsIdentifier.swift */ = {isa = PBXFileReference; lastKnownFileType = sourcecode.swift; path = CellsIdentifier.swift; sourceTree = "<group>"; };
		DBCBA2772C04741E00E31EEB /* UserData.swift */ = {isa = PBXFileReference; lastKnownFileType = sourcecode.swift; path = UserData.swift; sourceTree = "<group>"; };
		DBCBA2792C04750B00E31EEB /* User.swift */ = {isa = PBXFileReference; lastKnownFileType = sourcecode.swift; path = User.swift; sourceTree = "<group>"; };
		DBCBA27C2C04762F00E31EEB /* NetworkManager.swift */ = {isa = PBXFileReference; lastKnownFileType = sourcecode.swift; path = NetworkManager.swift; sourceTree = "<group>"; };
		DBCBA27E2C0488BB00E31EEB /* AppURLs.swift */ = {isa = PBXFileReference; lastKnownFileType = sourcecode.swift; path = AppURLs.swift; sourceTree = "<group>"; };
		DBCBA2872C05949100E31EEB /* ImageDownloader.swift */ = {isa = PBXFileReference; lastKnownFileType = sourcecode.swift; path = ImageDownloader.swift; sourceTree = "<group>"; };
		DBCBA2892C05992200E31EEB /* UserCellViewModel.swift */ = {isa = PBXFileReference; lastKnownFileType = sourcecode.swift; path = UserCellViewModel.swift; sourceTree = "<group>"; };
		DBCBA28B2C05C93F00E31EEB /* RepositoriesViewController.swift */ = {isa = PBXFileReference; lastKnownFileType = sourcecode.swift; path = RepositoriesViewController.swift; sourceTree = "<group>"; };
		DBCBA28D2C05CE4000E31EEB /* StoryboardIdentifier.swift */ = {isa = PBXFileReference; lastKnownFileType = sourcecode.swift; path = StoryboardIdentifier.swift; sourceTree = "<group>"; };
		DBCBA28F2C05D05300E31EEB /* RepositoriesViewModel.swift */ = {isa = PBXFileReference; lastKnownFileType = sourcecode.swift; path = RepositoriesViewModel.swift; sourceTree = "<group>"; };
		DBCBA2912C05D0FB00E31EEB /* Repository.swift */ = {isa = PBXFileReference; lastKnownFileType = sourcecode.swift; path = Repository.swift; sourceTree = "<group>"; };
		DBCBA2942C05D54E00E31EEB /* RepositoryCell.swift */ = {isa = PBXFileReference; lastKnownFileType = sourcecode.swift; path = RepositoryCell.swift; sourceTree = "<group>"; };
		DBCBA2962C060C3200E31EEB /* ForksViewController.swift */ = {isa = PBXFileReference; lastKnownFileType = sourcecode.swift; path = ForksViewController.swift; sourceTree = "<group>"; };
		DBCBA2992C060EF700E31EEB /* ForkCell.swift */ = {isa = PBXFileReference; lastKnownFileType = sourcecode.swift; path = ForkCell.swift; sourceTree = "<group>"; };
		DBCBA29B2C060FE300E31EEB /* ForksViewModel.swift */ = {isa = PBXFileReference; lastKnownFileType = sourcecode.swift; path = ForksViewModel.swift; sourceTree = "<group>"; };
		DBCBA29D2C06102200E31EEB /* Fork.swift */ = {isa = PBXFileReference; lastKnownFileType = sourcecode.swift; path = Fork.swift; sourceTree = "<group>"; };
/* End PBXFileReference section */

/* Begin PBXFrameworksBuildPhase section */
		DBCBA2352C04519200E31EEB /* Frameworks */ = {
			isa = PBXFrameworksBuildPhase;
			buildActionMask = 2147483647;
			files = (
			);
			runOnlyForDeploymentPostprocessing = 0;
		};
		DBCBA24B2C04519200E31EEB /* Frameworks */ = {
			isa = PBXFrameworksBuildPhase;
			buildActionMask = 2147483647;
			files = (
			);
			runOnlyForDeploymentPostprocessing = 0;
		};
		DBCBA2552C04519300E31EEB /* Frameworks */ = {
			isa = PBXFrameworksBuildPhase;
			buildActionMask = 2147483647;
			files = (
			);
			runOnlyForDeploymentPostprocessing = 0;
		};
/* End PBXFrameworksBuildPhase section */

/* Begin PBXGroup section */
		DB1F0C9B2C07236C00ADF386 /* Coordinators */ = {
			isa = PBXGroup;
			children = (
				DB1F0C9C2C07238500ADF386 /* MainCoordinator.swift */,
				DB1F0C9E2C07242E00ADF386 /* UsersViewCoordinator.swift */,
				DB1F0CA02C0724B300ADF386 /* RepositoriesViewCoordinator.swift */,
				DB1F0CA22C072BCB00ADF386 /* ForksViewCoordinator.swift */,
			);
			path = Coordinators;
			sourceTree = "<group>";
		};
		DBCBA22F2C04519200E31EEB = {
			isa = PBXGroup;
			children = (
				DBCBA23A2C04519200E31EEB /* GitHubClone */,
				DBCBA2512C04519200E31EEB /* GitHubCloneTests */,
				DBCBA25B2C04519300E31EEB /* GitHubCloneUITests */,
				DBCBA2392C04519200E31EEB /* Products */,
			);
			sourceTree = "<group>";
		};
		DBCBA2392C04519200E31EEB /* Products */ = {
			isa = PBXGroup;
			children = (
				DBCBA2382C04519200E31EEB /* GitHubClone.app */,
				DBCBA24E2C04519200E31EEB /* GitHubCloneTests.xctest */,
				DBCBA2582C04519300E31EEB /* GitHubCloneUITests.xctest */,
			);
			name = Products;
			sourceTree = "<group>";
		};
		DBCBA23A2C04519200E31EEB /* GitHubClone */ = {
			isa = PBXGroup;
			children = (
				DBCBA23B2C04519200E31EEB /* AppDelegate.swift */,
				DBCBA23D2C04519200E31EEB /* SceneDelegate.swift */,
				DB1F0C9B2C07236C00ADF386 /* Coordinators */,
				DBCBA2732C04726900E31EEB /* Constants */,
				DBCBA2762C0473BE00E31EEB /* Models */,
				DBCBA27B2C04760800E31EEB /* Networking */,
				DBCBA2722C04719600E31EEB /* ForksView */,
				DBCBA2712C04717F00E31EEB /* RepositoriesView */,
				DBCBA26E2C04542100E31EEB /* UsersView */,
				DBCBA2412C04519200E31EEB /* Main.storyboard */,
				DBCBA2442C04519200E31EEB /* Assets.xcassets */,
				DBCBA2462C04519200E31EEB /* LaunchScreen.storyboard */,
				DBCBA2492C04519200E31EEB /* Info.plist */,
			);
			path = GitHubClone;
			sourceTree = "<group>";
		};
		DBCBA2512C04519200E31EEB /* GitHubCloneTests */ = {
			isa = PBXGroup;
			children = (
				DBCBA2522C04519200E31EEB /* GitHubCloneTests.swift */,
			);
			path = GitHubCloneTests;
			sourceTree = "<group>";
		};
		DBCBA25B2C04519300E31EEB /* GitHubCloneUITests */ = {
			isa = PBXGroup;
			children = (
				DBCBA25C2C04519300E31EEB /* GitHubCloneUITests.swift */,
				DBCBA25E2C04519300E31EEB /* GitHubCloneUITestsLaunchTests.swift */,
			);
			path = GitHubCloneUITests;
			sourceTree = "<group>";
		};
		DBCBA26D2C0453E900E31EEB /* UsersCell */ = {
			isa = PBXGroup;
			children = (
				DBCBA26B2C0453D100E31EEB /* UserCell.swift */,
				DBCBA2892C05992200E31EEB /* UserCellViewModel.swift */,
			);
			path = UsersCell;
			sourceTree = "<group>";
		};
		DBCBA26E2C04542100E31EEB /* UsersView */ = {
			isa = PBXGroup;
			children = (
				DBCBA26D2C0453E900E31EEB /* UsersCell */,
				DBCBA23F2C04519200E31EEB /* UsersViewController.swift */,
				DBCBA26F2C04544500E31EEB /* UsersViewModel.swift */,
			);
			path = UsersView;
			sourceTree = "<group>";
		};
		DBCBA2712C04717F00E31EEB /* RepositoriesView */ = {
			isa = PBXGroup;
			children = (
				DBCBA2932C05D51600E31EEB /* RepositoriesCell */,
				DBCBA28B2C05C93F00E31EEB /* RepositoriesViewController.swift */,
				DBCBA28F2C05D05300E31EEB /* RepositoriesViewModel.swift */,
			);
			path = RepositoriesView;
			sourceTree = "<group>";
		};
		DBCBA2722C04719600E31EEB /* ForksView */ = {
			isa = PBXGroup;
			children = (
				DBCBA2982C060EC300E31EEB /* ForksCell */,
				DBCBA2962C060C3200E31EEB /* ForksViewController.swift */,
				DBCBA29B2C060FE300E31EEB /* ForksViewModel.swift */,
			);
			path = ForksView;
			sourceTree = "<group>";
		};
		DBCBA2732C04726900E31EEB /* Constants */ = {
			isa = PBXGroup;
			children = (
				DBCBA2742C04729600E31EEB /* CellsIdentifier.swift */,
				DBCBA28D2C05CE4000E31EEB /* StoryboardIdentifier.swift */,
				DBCBA27E2C0488BB00E31EEB /* AppURLs.swift */,
			);
			path = Constants;
			sourceTree = "<group>";
		};
		DBCBA2762C0473BE00E31EEB /* Models */ = {
			isa = PBXGroup;
			children = (
				DBCBA2772C04741E00E31EEB /* UserData.swift */,
				DBCBA2792C04750B00E31EEB /* User.swift */,
				DBCBA2912C05D0FB00E31EEB /* Repository.swift */,
				DB1F0CA62C0818ED00ADF386 /* Owner.swift */,
				DBCBA29D2C06102200E31EEB /* Fork.swift */,
			);
			path = Models;
			sourceTree = "<group>";
		};
		DBCBA27B2C04760800E31EEB /* Networking */ = {
			isa = PBXGroup;
			children = (
				DBCBA27C2C04762F00E31EEB /* NetworkManager.swift */,
				DBCBA2872C05949100E31EEB /* ImageDownloader.swift */,
			);
			path = Networking;
			sourceTree = "<group>";
		};
		DBCBA2932C05D51600E31EEB /* RepositoriesCell */ = {
			isa = PBXGroup;
			children = (
				DBCBA2942C05D54E00E31EEB /* RepositoryCell.swift */,
			);
			path = RepositoriesCell;
			sourceTree = "<group>";
		};
		DBCBA2982C060EC300E31EEB /* ForksCell */ = {
			isa = PBXGroup;
			children = (
				DBCBA2992C060EF700E31EEB /* ForkCell.swift */,
				DB1F0CA42C08154B00ADF386 /* ForkCellViewModel.swift */,
			);
			path = ForksCell;
			sourceTree = "<group>";
		};
/* End PBXGroup section */

/* Begin PBXNativeTarget section */
		DBCBA2372C04519200E31EEB /* GitHubClone */ = {
			isa = PBXNativeTarget;
			buildConfigurationList = DBCBA2622C04519300E31EEB /* Build configuration list for PBXNativeTarget "GitHubClone" */;
			buildPhases = (
				DBCBA2342C04519200E31EEB /* Sources */,
				DBCBA2352C04519200E31EEB /* Frameworks */,
				DBCBA2362C04519200E31EEB /* Resources */,
			);
			buildRules = (
			);
			dependencies = (
			);
			name = GitHubClone;
			productName = GitHubClone;
			productReference = DBCBA2382C04519200E31EEB /* GitHubClone.app */;
			productType = "com.apple.product-type.application";
		};
		DBCBA24D2C04519200E31EEB /* GitHubCloneTests */ = {
			isa = PBXNativeTarget;
			buildConfigurationList = DBCBA2652C04519300E31EEB /* Build configuration list for PBXNativeTarget "GitHubCloneTests" */;
			buildPhases = (
				DBCBA24A2C04519200E31EEB /* Sources */,
				DBCBA24B2C04519200E31EEB /* Frameworks */,
				DBCBA24C2C04519200E31EEB /* Resources */,
			);
			buildRules = (
			);
			dependencies = (
				DBCBA2502C04519200E31EEB /* PBXTargetDependency */,
			);
			name = GitHubCloneTests;
			productName = GitHubCloneTests;
			productReference = DBCBA24E2C04519200E31EEB /* GitHubCloneTests.xctest */;
			productType = "com.apple.product-type.bundle.unit-test";
		};
		DBCBA2572C04519300E31EEB /* GitHubCloneUITests */ = {
			isa = PBXNativeTarget;
			buildConfigurationList = DBCBA2682C04519300E31EEB /* Build configuration list for PBXNativeTarget "GitHubCloneUITests" */;
			buildPhases = (
				DBCBA2542C04519300E31EEB /* Sources */,
				DBCBA2552C04519300E31EEB /* Frameworks */,
				DBCBA2562C04519300E31EEB /* Resources */,
			);
			buildRules = (
			);
			dependencies = (
				DBCBA25A2C04519300E31EEB /* PBXTargetDependency */,
			);
			name = GitHubCloneUITests;
			productName = GitHubCloneUITests;
			productReference = DBCBA2582C04519300E31EEB /* GitHubCloneUITests.xctest */;
			productType = "com.apple.product-type.bundle.ui-testing";
		};
/* End PBXNativeTarget section */

/* Begin PBXProject section */
		DBCBA2302C04519200E31EEB /* Project object */ = {
			isa = PBXProject;
			attributes = {
				BuildIndependentTargetsInParallel = 1;
				LastSwiftUpdateCheck = 1540;
				LastUpgradeCheck = 1540;
				TargetAttributes = {
					DBCBA2372C04519200E31EEB = {
						CreatedOnToolsVersion = 15.4;
					};
					DBCBA24D2C04519200E31EEB = {
						CreatedOnToolsVersion = 15.4;
						TestTargetID = DBCBA2372C04519200E31EEB;
					};
					DBCBA2572C04519300E31EEB = {
						CreatedOnToolsVersion = 15.4;
						TestTargetID = DBCBA2372C04519200E31EEB;
					};
				};
			};
			buildConfigurationList = DBCBA2332C04519200E31EEB /* Build configuration list for PBXProject "GitHubClone" */;
			compatibilityVersion = "Xcode 14.0";
			developmentRegion = en;
			hasScannedForEncodings = 0;
			knownRegions = (
				en,
				Base,
			);
			mainGroup = DBCBA22F2C04519200E31EEB;
			productRefGroup = DBCBA2392C04519200E31EEB /* Products */;
			projectDirPath = "";
			projectRoot = "";
			targets = (
				DBCBA2372C04519200E31EEB /* GitHubClone */,
				DBCBA24D2C04519200E31EEB /* GitHubCloneTests */,
				DBCBA2572C04519300E31EEB /* GitHubCloneUITests */,
			);
		};
/* End PBXProject section */

/* Begin PBXResourcesBuildPhase section */
		DBCBA2362C04519200E31EEB /* Resources */ = {
			isa = PBXResourcesBuildPhase;
			buildActionMask = 2147483647;
			files = (
				DBCBA2452C04519200E31EEB /* Assets.xcassets in Resources */,
				DBCBA2482C04519200E31EEB /* Base in Resources */,
				DBCBA2432C04519200E31EEB /* Base in Resources */,
			);
			runOnlyForDeploymentPostprocessing = 0;
		};
		DBCBA24C2C04519200E31EEB /* Resources */ = {
			isa = PBXResourcesBuildPhase;
			buildActionMask = 2147483647;
			files = (
			);
			runOnlyForDeploymentPostprocessing = 0;
		};
		DBCBA2562C04519300E31EEB /* Resources */ = {
			isa = PBXResourcesBuildPhase;
			buildActionMask = 2147483647;
			files = (
			);
			runOnlyForDeploymentPostprocessing = 0;
		};
/* End PBXResourcesBuildPhase section */

/* Begin PBXSourcesBuildPhase section */
		DBCBA2342C04519200E31EEB /* Sources */ = {
			isa = PBXSourcesBuildPhase;
			buildActionMask = 2147483647;
			files = (
				DB1F0C9F2C07242E00ADF386 /* UsersViewCoordinator.swift in Sources */,
				DBCBA29A2C060EF700E31EEB /* ForkCell.swift in Sources */,
				DBCBA27D2C04762F00E31EEB /* NetworkManager.swift in Sources */,
				DBCBA26C2C0453D100E31EEB /* UserCell.swift in Sources */,
				DB1F0CA72C0818ED00ADF386 /* Owner.swift in Sources */,
				DBCBA2402C04519200E31EEB /* UsersViewController.swift in Sources */,
				DB1F0CA32C072BCB00ADF386 /* ForksViewCoordinator.swift in Sources */,
				DBCBA29C2C060FE300E31EEB /* ForksViewModel.swift in Sources */,
				DB1F0C9D2C07238500ADF386 /* MainCoordinator.swift in Sources */,
				DBCBA28E2C05CE4000E31EEB /* StoryboardIdentifier.swift in Sources */,
				DBCBA2972C060C3200E31EEB /* ForksViewController.swift in Sources */,
				DBCBA2782C04741E00E31EEB /* UserData.swift in Sources */,
				DBCBA23C2C04519200E31EEB /* AppDelegate.swift in Sources */,
				DBCBA28A2C05992200E31EEB /* UserCellViewModel.swift in Sources */,
				DBCBA28C2C05C93F00E31EEB /* RepositoriesViewController.swift in Sources */,
				DBCBA29E2C06102200E31EEB /* Fork.swift in Sources */,
				DBCBA2952C05D54E00E31EEB /* RepositoryCell.swift in Sources */,
				DBCBA27A2C04750B00E31EEB /* User.swift in Sources */,
				DBCBA27F2C0488BB00E31EEB /* AppURLs.swift in Sources */,
				DB1F0CA12C0724B300ADF386 /* RepositoriesViewCoordinator.swift in Sources */,
				DBCBA23E2C04519200E31EEB /* SceneDelegate.swift in Sources */,
				DB1F0CA52C08154B00ADF386 /* ForkCellViewModel.swift in Sources */,
				DBCBA2922C05D0FB00E31EEB /* Repository.swift in Sources */,
				DBCBA2752C04729600E31EEB /* CellsIdentifier.swift in Sources */,
				DBCBA2882C05949100E31EEB /* ImageDownloader.swift in Sources */,
				DBCBA2902C05D05300E31EEB /* RepositoriesViewModel.swift in Sources */,
				DBCBA2702C04544500E31EEB /* UsersViewModel.swift in Sources */,
			);
			runOnlyForDeploymentPostprocessing = 0;
		};
		DBCBA24A2C04519200E31EEB /* Sources */ = {
			isa = PBXSourcesBuildPhase;
			buildActionMask = 2147483647;
			files = (
				DBCBA2532C04519200E31EEB /* GitHubCloneTests.swift in Sources */,
			);
			runOnlyForDeploymentPostprocessing = 0;
		};
		DBCBA2542C04519300E31EEB /* Sources */ = {
			isa = PBXSourcesBuildPhase;
			buildActionMask = 2147483647;
			files = (
				DBCBA25D2C04519300E31EEB /* GitHubCloneUITests.swift in Sources */,
				DBCBA25F2C04519300E31EEB /* GitHubCloneUITestsLaunchTests.swift in Sources */,
			);
			runOnlyForDeploymentPostprocessing = 0;
		};
/* End PBXSourcesBuildPhase section */

/* Begin PBXTargetDependency section */
		DBCBA2502C04519200E31EEB /* PBXTargetDependency */ = {
			isa = PBXTargetDependency;
			target = DBCBA2372C04519200E31EEB /* GitHubClone */;
			targetProxy = DBCBA24F2C04519200E31EEB /* PBXContainerItemProxy */;
		};
		DBCBA25A2C04519300E31EEB /* PBXTargetDependency */ = {
			isa = PBXTargetDependency;
			target = DBCBA2372C04519200E31EEB /* GitHubClone */;
			targetProxy = DBCBA2592C04519300E31EEB /* PBXContainerItemProxy */;
		};
/* End PBXTargetDependency section */

/* Begin PBXVariantGroup section */
		DBCBA2412C04519200E31EEB /* Main.storyboard */ = {
			isa = PBXVariantGroup;
			children = (
				DBCBA2422C04519200E31EEB /* Base */,
			);
			name = Main.storyboard;
			sourceTree = "<group>";
		};
		DBCBA2462C04519200E31EEB /* LaunchScreen.storyboard */ = {
			isa = PBXVariantGroup;
			children = (
				DBCBA2472C04519200E31EEB /* Base */,
			);
			name = LaunchScreen.storyboard;
			sourceTree = "<group>";
		};
/* End PBXVariantGroup section */

/* Begin XCBuildConfiguration section */
		DBCBA2602C04519300E31EEB /* Debug */ = {
			isa = XCBuildConfiguration;
			buildSettings = {
				ALWAYS_SEARCH_USER_PATHS = NO;
				ASSETCATALOG_COMPILER_GENERATE_SWIFT_ASSET_SYMBOL_EXTENSIONS = YES;
				CLANG_ANALYZER_NONNULL = YES;
				CLANG_ANALYZER_NUMBER_OBJECT_CONVERSION = YES_AGGRESSIVE;
				CLANG_CXX_LANGUAGE_STANDARD = "gnu++20";
				CLANG_ENABLE_MODULES = YES;
				CLANG_ENABLE_OBJC_ARC = YES;
				CLANG_ENABLE_OBJC_WEAK = YES;
				CLANG_WARN_BLOCK_CAPTURE_AUTORELEASING = YES;
				CLANG_WARN_BOOL_CONVERSION = YES;
				CLANG_WARN_COMMA = YES;
				CLANG_WARN_CONSTANT_CONVERSION = YES;
				CLANG_WARN_DEPRECATED_OBJC_IMPLEMENTATIONS = YES;
				CLANG_WARN_DIRECT_OBJC_ISA_USAGE = YES_ERROR;
				CLANG_WARN_DOCUMENTATION_COMMENTS = YES;
				CLANG_WARN_EMPTY_BODY = YES;
				CLANG_WARN_ENUM_CONVERSION = YES;
				CLANG_WARN_INFINITE_RECURSION = YES;
				CLANG_WARN_INT_CONVERSION = YES;
				CLANG_WARN_NON_LITERAL_NULL_CONVERSION = YES;
				CLANG_WARN_OBJC_IMPLICIT_RETAIN_SELF = YES;
				CLANG_WARN_OBJC_LITERAL_CONVERSION = YES;
				CLANG_WARN_OBJC_ROOT_CLASS = YES_ERROR;
				CLANG_WARN_QUOTED_INCLUDE_IN_FRAMEWORK_HEADER = YES;
				CLANG_WARN_RANGE_LOOP_ANALYSIS = YES;
				CLANG_WARN_STRICT_PROTOTYPES = YES;
				CLANG_WARN_SUSPICIOUS_MOVE = YES;
				CLANG_WARN_UNGUARDED_AVAILABILITY = YES_AGGRESSIVE;
				CLANG_WARN_UNREACHABLE_CODE = YES;
				CLANG_WARN__DUPLICATE_METHOD_MATCH = YES;
				COPY_PHASE_STRIP = NO;
				DEBUG_INFORMATION_FORMAT = dwarf;
				ENABLE_STRICT_OBJC_MSGSEND = YES;
				ENABLE_TESTABILITY = YES;
				ENABLE_USER_SCRIPT_SANDBOXING = YES;
				GCC_C_LANGUAGE_STANDARD = gnu17;
				GCC_DYNAMIC_NO_PIC = NO;
				GCC_NO_COMMON_BLOCKS = YES;
				GCC_OPTIMIZATION_LEVEL = 0;
				GCC_PREPROCESSOR_DEFINITIONS = (
					"DEBUG=1",
					"$(inherited)",
				);
				GCC_WARN_64_TO_32_BIT_CONVERSION = YES;
				GCC_WARN_ABOUT_RETURN_TYPE = YES_ERROR;
				GCC_WARN_UNDECLARED_SELECTOR = YES;
				GCC_WARN_UNINITIALIZED_AUTOS = YES_AGGRESSIVE;
				GCC_WARN_UNUSED_FUNCTION = YES;
				GCC_WARN_UNUSED_VARIABLE = YES;
				IPHONEOS_DEPLOYMENT_TARGET = 17.5;
				LOCALIZATION_PREFERS_STRING_CATALOGS = YES;
				MTL_ENABLE_DEBUG_INFO = INCLUDE_SOURCE;
				MTL_FAST_MATH = YES;
				ONLY_ACTIVE_ARCH = YES;
				SDKROOT = iphoneos;
				SWIFT_ACTIVE_COMPILATION_CONDITIONS = "DEBUG $(inherited)";
				SWIFT_OPTIMIZATION_LEVEL = "-Onone";
			};
			name = Debug;
		};
		DBCBA2612C04519300E31EEB /* Release */ = {
			isa = XCBuildConfiguration;
			buildSettings = {
				ALWAYS_SEARCH_USER_PATHS = NO;
				ASSETCATALOG_COMPILER_GENERATE_SWIFT_ASSET_SYMBOL_EXTENSIONS = YES;
				CLANG_ANALYZER_NONNULL = YES;
				CLANG_ANALYZER_NUMBER_OBJECT_CONVERSION = YES_AGGRESSIVE;
				CLANG_CXX_LANGUAGE_STANDARD = "gnu++20";
				CLANG_ENABLE_MODULES = YES;
				CLANG_ENABLE_OBJC_ARC = YES;
				CLANG_ENABLE_OBJC_WEAK = YES;
				CLANG_WARN_BLOCK_CAPTURE_AUTORELEASING = YES;
				CLANG_WARN_BOOL_CONVERSION = YES;
				CLANG_WARN_COMMA = YES;
				CLANG_WARN_CONSTANT_CONVERSION = YES;
				CLANG_WARN_DEPRECATED_OBJC_IMPLEMENTATIONS = YES;
				CLANG_WARN_DIRECT_OBJC_ISA_USAGE = YES_ERROR;
				CLANG_WARN_DOCUMENTATION_COMMENTS = YES;
				CLANG_WARN_EMPTY_BODY = YES;
				CLANG_WARN_ENUM_CONVERSION = YES;
				CLANG_WARN_INFINITE_RECURSION = YES;
				CLANG_WARN_INT_CONVERSION = YES;
				CLANG_WARN_NON_LITERAL_NULL_CONVERSION = YES;
				CLANG_WARN_OBJC_IMPLICIT_RETAIN_SELF = YES;
				CLANG_WARN_OBJC_LITERAL_CONVERSION = YES;
				CLANG_WARN_OBJC_ROOT_CLASS = YES_ERROR;
				CLANG_WARN_QUOTED_INCLUDE_IN_FRAMEWORK_HEADER = YES;
				CLANG_WARN_RANGE_LOOP_ANALYSIS = YES;
				CLANG_WARN_STRICT_PROTOTYPES = YES;
				CLANG_WARN_SUSPICIOUS_MOVE = YES;
				CLANG_WARN_UNGUARDED_AVAILABILITY = YES_AGGRESSIVE;
				CLANG_WARN_UNREACHABLE_CODE = YES;
				CLANG_WARN__DUPLICATE_METHOD_MATCH = YES;
				COPY_PHASE_STRIP = NO;
				DEBUG_INFORMATION_FORMAT = "dwarf-with-dsym";
				ENABLE_NS_ASSERTIONS = NO;
				ENABLE_STRICT_OBJC_MSGSEND = YES;
				ENABLE_USER_SCRIPT_SANDBOXING = YES;
				GCC_C_LANGUAGE_STANDARD = gnu17;
				GCC_NO_COMMON_BLOCKS = YES;
				GCC_WARN_64_TO_32_BIT_CONVERSION = YES;
				GCC_WARN_ABOUT_RETURN_TYPE = YES_ERROR;
				GCC_WARN_UNDECLARED_SELECTOR = YES;
				GCC_WARN_UNINITIALIZED_AUTOS = YES_AGGRESSIVE;
				GCC_WARN_UNUSED_FUNCTION = YES;
				GCC_WARN_UNUSED_VARIABLE = YES;
				IPHONEOS_DEPLOYMENT_TARGET = 17.5;
				LOCALIZATION_PREFERS_STRING_CATALOGS = YES;
				MTL_ENABLE_DEBUG_INFO = NO;
				MTL_FAST_MATH = YES;
				SDKROOT = iphoneos;
				SWIFT_COMPILATION_MODE = wholemodule;
				VALIDATE_PRODUCT = YES;
			};
			name = Release;
		};
		DBCBA2632C04519300E31EEB /* Debug */ = {
			isa = XCBuildConfiguration;
			buildSettings = {
				ASSETCATALOG_COMPILER_APPICON_NAME = AppIcon;
				ASSETCATALOG_COMPILER_GLOBAL_ACCENT_COLOR_NAME = AccentColor;
				CODE_SIGN_STYLE = Automatic;
				CURRENT_PROJECT_VERSION = 1;
				DEVELOPMENT_TEAM = RDX6Y8GPTD;
				GENERATE_INFOPLIST_FILE = YES;
				INFOPLIST_FILE = GitHubClone/Info.plist;
				INFOPLIST_KEY_UIApplicationSupportsIndirectInputEvents = YES;
				INFOPLIST_KEY_UILaunchStoryboardName = LaunchScreen;
				INFOPLIST_KEY_UIMainStoryboardFile = "";
				INFOPLIST_KEY_UISupportedInterfaceOrientations_iPad = "UIInterfaceOrientationPortrait UIInterfaceOrientationPortraitUpsideDown UIInterfaceOrientationLandscapeLeft UIInterfaceOrientationLandscapeRight";
				INFOPLIST_KEY_UISupportedInterfaceOrientations_iPhone = "UIInterfaceOrientationPortrait UIInterfaceOrientationLandscapeLeft UIInterfaceOrientationLandscapeRight";
				LD_RUNPATH_SEARCH_PATHS = (
					"$(inherited)",
					"@executable_path/Frameworks",
				);
				MARKETING_VERSION = 1.0;
				PRODUCT_BUNDLE_IDENTIFIER = com.MohamedSayed.GitHubClone;
				PRODUCT_NAME = "$(TARGET_NAME)";
				SWIFT_EMIT_LOC_STRINGS = YES;
				SWIFT_VERSION = 5.0;
				TARGETED_DEVICE_FAMILY = "1,2";
			};
			name = Debug;
		};
		DBCBA2642C04519300E31EEB /* Release */ = {
			isa = XCBuildConfiguration;
			buildSettings = {
				ASSETCATALOG_COMPILER_APPICON_NAME = AppIcon;
				ASSETCATALOG_COMPILER_GLOBAL_ACCENT_COLOR_NAME = AccentColor;
				CODE_SIGN_STYLE = Automatic;
				CURRENT_PROJECT_VERSION = 1;
				DEVELOPMENT_TEAM = RDX6Y8GPTD;
				GENERATE_INFOPLIST_FILE = YES;
				INFOPLIST_FILE = GitHubClone/Info.plist;
				INFOPLIST_KEY_UIApplicationSupportsIndirectInputEvents = YES;
				INFOPLIST_KEY_UILaunchStoryboardName = LaunchScreen;
				INFOPLIST_KEY_UIMainStoryboardFile = "";
				INFOPLIST_KEY_UISupportedInterfaceOrientations_iPad = "UIInterfaceOrientationPortrait UIInterfaceOrientationPortraitUpsideDown UIInterfaceOrientationLandscapeLeft UIInterfaceOrientationLandscapeRight";
				INFOPLIST_KEY_UISupportedInterfaceOrientations_iPhone = "UIInterfaceOrientationPortrait UIInterfaceOrientationLandscapeLeft UIInterfaceOrientationLandscapeRight";
				LD_RUNPATH_SEARCH_PATHS = (
					"$(inherited)",
					"@executable_path/Frameworks",
				);
				MARKETING_VERSION = 1.0;
				PRODUCT_BUNDLE_IDENTIFIER = com.MohamedSayed.GitHubClone;
				PRODUCT_NAME = "$(TARGET_NAME)";
				SWIFT_EMIT_LOC_STRINGS = YES;
				SWIFT_VERSION = 5.0;
				TARGETED_DEVICE_FAMILY = "1,2";
			};
			name = Release;
		};
		DBCBA2662C04519300E31EEB /* Debug */ = {
			isa = XCBuildConfiguration;
			buildSettings = {
				ALWAYS_EMBED_SWIFT_STANDARD_LIBRARIES = YES;
				BUNDLE_LOADER = "$(TEST_HOST)";
				CODE_SIGN_STYLE = Automatic;
				CURRENT_PROJECT_VERSION = 1;
				DEVELOPMENT_TEAM = RDX6Y8GPTD;
				GENERATE_INFOPLIST_FILE = YES;
				IPHONEOS_DEPLOYMENT_TARGET = 17.5;
				MARKETING_VERSION = 1.0;
				PRODUCT_BUNDLE_IDENTIFIER = com.MohamedSayed.GitHubCloneTests;
				PRODUCT_NAME = "$(TARGET_NAME)";
				SWIFT_EMIT_LOC_STRINGS = NO;
				SWIFT_VERSION = 5.0;
				TARGETED_DEVICE_FAMILY = "1,2";
				TEST_HOST = "$(BUILT_PRODUCTS_DIR)/GitHubClone.app/$(BUNDLE_EXECUTABLE_FOLDER_PATH)/GitHubClone";
			};
			name = Debug;
		};
		DBCBA2672C04519300E31EEB /* Release */ = {
			isa = XCBuildConfiguration;
			buildSettings = {
				ALWAYS_EMBED_SWIFT_STANDARD_LIBRARIES = YES;
				BUNDLE_LOADER = "$(TEST_HOST)";
				CODE_SIGN_STYLE = Automatic;
				CURRENT_PROJECT_VERSION = 1;
				DEVELOPMENT_TEAM = RDX6Y8GPTD;
				GENERATE_INFOPLIST_FILE = YES;
				IPHONEOS_DEPLOYMENT_TARGET = 17.5;
				MARKETING_VERSION = 1.0;
				PRODUCT_BUNDLE_IDENTIFIER = com.MohamedSayed.GitHubCloneTests;
				PRODUCT_NAME = "$(TARGET_NAME)";
				SWIFT_EMIT_LOC_STRINGS = NO;
				SWIFT_VERSION = 5.0;
				TARGETED_DEVICE_FAMILY = "1,2";
				TEST_HOST = "$(BUILT_PRODUCTS_DIR)/GitHubClone.app/$(BUNDLE_EXECUTABLE_FOLDER_PATH)/GitHubClone";
			};
			name = Release;
		};
		DBCBA2692C04519300E31EEB /* Debug */ = {
			isa = XCBuildConfiguration;
			buildSettings = {
				ALWAYS_EMBED_SWIFT_STANDARD_LIBRARIES = YES;
				CODE_SIGN_STYLE = Automatic;
				CURRENT_PROJECT_VERSION = 1;
				DEVELOPMENT_TEAM = RDX6Y8GPTD;
				GENERATE_INFOPLIST_FILE = YES;
				MARKETING_VERSION = 1.0;
				PRODUCT_BUNDLE_IDENTIFIER = com.MohamedSayed.GitHubCloneUITests;
				PRODUCT_NAME = "$(TARGET_NAME)";
				SWIFT_EMIT_LOC_STRINGS = NO;
				SWIFT_VERSION = 5.0;
				TARGETED_DEVICE_FAMILY = "1,2";
				TEST_TARGET_NAME = GitHubClone;
			};
			name = Debug;
		};
		DBCBA26A2C04519300E31EEB /* Release */ = {
			isa = XCBuildConfiguration;
			buildSettings = {
				ALWAYS_EMBED_SWIFT_STANDARD_LIBRARIES = YES;
				CODE_SIGN_STYLE = Automatic;
				CURRENT_PROJECT_VERSION = 1;
				DEVELOPMENT_TEAM = RDX6Y8GPTD;
				GENERATE_INFOPLIST_FILE = YES;
				MARKETING_VERSION = 1.0;
				PRODUCT_BUNDLE_IDENTIFIER = com.MohamedSayed.GitHubCloneUITests;
				PRODUCT_NAME = "$(TARGET_NAME)";
				SWIFT_EMIT_LOC_STRINGS = NO;
				SWIFT_VERSION = 5.0;
				TARGETED_DEVICE_FAMILY = "1,2";
				TEST_TARGET_NAME = GitHubClone;
			};
			name = Release;
		};
/* End XCBuildConfiguration section */

/* Begin XCConfigurationList section */
		DBCBA2332C04519200E31EEB /* Build configuration list for PBXProject "GitHubClone" */ = {
			isa = XCConfigurationList;
			buildConfigurations = (
				DBCBA2602C04519300E31EEB /* Debug */,
				DBCBA2612C04519300E31EEB /* Release */,
			);
			defaultConfigurationIsVisible = 0;
			defaultConfigurationName = Release;
		};
		DBCBA2622C04519300E31EEB /* Build configuration list for PBXNativeTarget "GitHubClone" */ = {
			isa = XCConfigurationList;
			buildConfigurations = (
				DBCBA2632C04519300E31EEB /* Debug */,
				DBCBA2642C04519300E31EEB /* Release */,
			);
			defaultConfigurationIsVisible = 0;
			defaultConfigurationName = Release;
		};
		DBCBA2652C04519300E31EEB /* Build configuration list for PBXNativeTarget "GitHubCloneTests" */ = {
			isa = XCConfigurationList;
			buildConfigurations = (
				DBCBA2662C04519300E31EEB /* Debug */,
				DBCBA2672C04519300E31EEB /* Release */,
			);
			defaultConfigurationIsVisible = 0;
			defaultConfigurationName = Release;
		};
		DBCBA2682C04519300E31EEB /* Build configuration list for PBXNativeTarget "GitHubCloneUITests" */ = {
			isa = XCConfigurationList;
			buildConfigurations = (
				DBCBA2692C04519300E31EEB /* Debug */,
				DBCBA26A2C04519300E31EEB /* Release */,
			);
			defaultConfigurationIsVisible = 0;
			defaultConfigurationName = Release;
		};
/* End XCConfigurationList section */
	};
	rootObject = DBCBA2302C04519200E31EEB /* Project object */;
}
